# This file is automatically @generated by Cargo.
# It is not intended for manual editing.
version = 4

[[package]]
name = "tg-rcore-tutorial-ch1-uart"
version = "0.1.0"
dependencies = [
 "tg-rcore-tutorial-sbi",
 "tg-rcore-tutorial-uart",
]

[[package]]
name = "tg-rcore-tutorial-sbi"
version = "0.4.8"

[[package]]
name = "tg-rcore-tutorial-uart"
version = "0.1.0"
